// !$*UTF8*$!
{
	archiveVersion = 1;
	classes = {
	};
	objectVersion = 50;
	objects = {

/* Begin PBXBuildFile section */
		72C93CAC2530CD7A008D271D /* Core.h in Headers */ = {isa = PBXBuildFile; fileRef = 72C93CAB2530CD7A008D271D /* Core.h */; };
		72C93CAF2530CDA4008D271D /* Application.cpp in Sources */ = {isa = PBXBuildFile; fileRef = 72C93CAD2530CDA4008D271D /* Application.cpp */; };
		72C93CB02530CDA4008D271D /* Application.hpp in Headers */ = {isa = PBXBuildFile; fileRef = 72C93CAE2530CDA4008D271D /* Application.hpp */; };
		72C93CB42530D09A008D271D /* Phoenix.h in Headers */ = {isa = PBXBuildFile; fileRef = 72C93CB32530D09A008D271D /* Phoenix.h */; };
		72C93CB62530D749008D271D /* EntryPoint.h in Headers */ = {isa = PBXBuildFile; fileRef = 72C93CB52530D749008D271D /* EntryPoint.h */; };
		72C93CB92530E4D8008D271D /* Logger.cpp in Sources */ = {isa = PBXBuildFile; fileRef = 72C93CB72530E4D8008D271D /* Logger.cpp */; };
		72C93CBA2530E4D8008D271D /* Logger.hpp in Headers */ = {isa = PBXBuildFile; fileRef = 72C93CB82530E4D8008D271D /* Logger.hpp */; };
/* End PBXBuildFile section */

/* Begin PBXFileReference section */
		72C93C7725305EF8008D271D /* libPhoenix.a */ = {isa = PBXFileReference; explicitFileType = archive.ar; includeInIndex = 0; path = libPhoenix.a; sourceTree = BUILT_PRODUCTS_DIR; };
		72C93CAB2530CD7A008D271D /* Core.h */ = {isa = PBXFileReference; lastKnownFileType = sourcecode.c.h; path = Core.h; sourceTree = "<group>"; };
		72C93CAD2530CDA4008D271D /* Application.cpp */ = {isa = PBXFileReference; lastKnownFileType = sourcecode.cpp.cpp; path = Application.cpp; sourceTree = "<group>"; };
		72C93CAE2530CDA4008D271D /* Application.hpp */ = {isa = PBXFileReference; lastKnownFileType = sourcecode.cpp.h; path = Application.hpp; sourceTree = "<group>"; };
		72C93CB32530D09A008D271D /* Phoenix.h */ = {isa = PBXFileReference; lastKnownFileType = sourcecode.c.h; path = Phoenix.h; sourceTree = "<group>"; };
		72C93CB52530D749008D271D /* EntryPoint.h */ = {isa = PBXFileReference; lastKnownFileType = sourcecode.c.h; path = EntryPoint.h; sourceTree = "<group>"; };
		72C93CB72530E4D8008D271D /* Logger.cpp */ = {isa = PBXFileReference; lastKnownFileType = sourcecode.cpp.cpp; path = Logger.cpp; sourceTree = "<group>"; };
		72C93CB82530E4D8008D271D /* Logger.hpp */ = {isa = PBXFileReference; lastKnownFileType = sourcecode.cpp.h; path = Logger.hpp; sourceTree = "<group>"; };
/* End PBXFileReference section */

/* Begin PBXFrameworksBuildPhase section */
		72C93C7525305EF8008D271D /* Frameworks */ = {
			isa = PBXFrameworksBuildPhase;
			buildActionMask = 2147483647;
			files = (
			);
			runOnlyForDeploymentPostprocessing = 0;
		};
/* End PBXFrameworksBuildPhase section */

/* Begin PBXGroup section */
		72C93C6E25305EF8008D271D = {
			isa = PBXGroup;
			children = (
				72C93CA32530682B008D271D /* src */,
				72C93C7825305EF8008D271D /* Products */,
			);
			sourceTree = "<group>";
		};
		72C93C7825305EF8008D271D /* Products */ = {
			isa = PBXGroup;
			children = (
				72C93C7725305EF8008D271D /* libPhoenix.a */,
			);
			name = Products;
			sourceTree = "<group>";
		};
		72C93CA32530682B008D271D /* src */ = {
			isa = PBXGroup;
			children = (
				72C93CAA2530CB82008D271D /* Phoenix */,
				72C93CB32530D09A008D271D /* Phoenix.h */,
			);
			path = src;
			sourceTree = "<group>";
		};
		72C93CAA2530CB82008D271D /* Phoenix */ = {
			isa = PBXGroup;
			children = (
				72C93CAB2530CD7A008D271D /* Core.h */,
				72C93CAD2530CDA4008D271D /* Application.cpp */,
				72C93CAE2530CDA4008D271D /* Application.hpp */,
				72C93CB52530D749008D271D /* EntryPoint.h */,
				72C93CB72530E4D8008D271D /* Logger.cpp */,
				72C93CB82530E4D8008D271D /* Logger.hpp */,
			);
			path = Phoenix;
			sourceTree = "<group>";
		};
/* End PBXGroup section */

/* Begin PBXHeadersBuildPhase section */
		72C93C7325305EF8008D271D /* Headers */ = {
			isa = PBXHeadersBuildPhase;
			buildActionMask = 2147483647;
			files = (
				72C93CB42530D09A008D271D /* Phoenix.h in Headers */,
				72C93CBA2530E4D8008D271D /* Logger.hpp in Headers */,
				72C93CAC2530CD7A008D271D /* Core.h in Headers */,
				72C93CB62530D749008D271D /* EntryPoint.h in Headers */,
				72C93CB02530CDA4008D271D /* Application.hpp in Headers */,
			);
			runOnlyForDeploymentPostprocessing = 0;
		};
/* End PBXHeadersBuildPhase section */

/* Begin PBXNativeTarget section */
		72C93C7625305EF8008D271D /* Phoenix */ = {
			isa = PBXNativeTarget;
			buildConfigurationList = 72C93C8225305EF8008D271D /* Build configuration list for PBXNativeTarget "Phoenix" */;
			buildPhases = (
				72C93C7325305EF8008D271D /* Headers */,
				72C93C7425305EF8008D271D /* Sources */,
				72C93C7525305EF8008D271D /* Frameworks */,
			);
			buildRules = (
			);
			dependencies = (
			);
			name = Phoenix;
			productName = Phoenix;
			productReference = 72C93C7725305EF8008D271D /* libPhoenix.a */;
			productType = "com.apple.product-type.library.static";
		};
/* End PBXNativeTarget section */

/* Begin PBXProject section */
		72C93C6F25305EF8008D271D /* Project object */ = {
			isa = PBXProject;
			attributes = {
				DefaultBuildSystemTypeForWorkspace = Original;
				LastUpgradeCheck = 1130;
				ORGANIZATIONNAME = LinuxSDA;
				TargetAttributes = {
					72C93C7625305EF8008D271D = {
						CreatedOnToolsVersion = 11.3.1;
					};
				};
			};
			buildConfigurationList = 72C93C7225305EF8008D271D /* Build configuration list for PBXProject "Phoenix" */;
			compatibilityVersion = "Xcode 9.3";
			developmentRegion = en;
			hasScannedForEncodings = 0;
			knownRegions = (
				en,
				Base,
			);
			mainGroup = 72C93C6E25305EF8008D271D;
			productRefGroup = 72C93C7825305EF8008D271D /* Products */;
			projectDirPath = "";
			projectRoot = "";
			targets = (
				72C93C7625305EF8008D271D /* Phoenix */,
			);
		};
/* End PBXProject section */

/* Begin PBXSourcesBuildPhase section */
		72C93C7425305EF8008D271D /* Sources */ = {
			isa = PBXSourcesBuildPhase;
			buildActionMask = 2147483647;
			files = (
				72C93CAF2530CDA4008D271D /* Application.cpp in Sources */,
				72C93CB92530E4D8008D271D /* Logger.cpp in Sources */,
			);
			runOnlyForDeploymentPostprocessing = 0;
		};
/* End PBXSourcesBuildPhase section */

/* Begin XCBuildConfiguration section */
		72C93C8025305EF8008D271D /* Debug */ = {
			isa = XCBuildConfiguration;
			buildSettings = {
				ALWAYS_SEARCH_USER_PATHS = NO;
				CLANG_ANALYZER_NONNULL = YES;
				CLANG_ANALYZER_NUMBER_OBJECT_CONVERSION = YES_AGGRESSIVE;
				CLANG_CXX_LANGUAGE_STANDARD = "gnu++14";
				CLANG_CXX_LIBRARY = "libc++";
				CLANG_ENABLE_MODULES = YES;
				CLANG_ENABLE_OBJC_ARC = YES;
				CLANG_ENABLE_OBJC_WEAK = YES;
				CLANG_WARN_BLOCK_CAPTURE_AUTORELEASING = YES;
				CLANG_WARN_BOOL_CONVERSION = YES;
				CLANG_WARN_COMMA = YES;
				CLANG_WARN_CONSTANT_CONVERSION = YES;
				CLANG_WARN_DEPRECATED_OBJC_IMPLEMENTATIONS = YES;
				CLANG_WARN_DIRECT_OBJC_ISA_USAGE = YES_ERROR;
				CLANG_WARN_DOCUMENTATION_COMMENTS = YES;
				CLANG_WARN_EMPTY_BODY = YES;
				CLANG_WARN_ENUM_CONVERSION = YES;
				CLANG_WARN_INFINITE_RECURSION = YES;
				CLANG_WARN_INT_CONVERSION = YES;
				CLANG_WARN_NON_LITERAL_NULL_CONVERSION = YES;
				CLANG_WARN_OBJC_IMPLICIT_RETAIN_SELF = YES;
				CLANG_WARN_OBJC_LITERAL_CONVERSION = YES;
				CLANG_WARN_OBJC_ROOT_CLASS = YES_ERROR;
				CLANG_WARN_RANGE_LOOP_ANALYSIS = YES;
				CLANG_WARN_STRICT_PROTOTYPES = YES;
				CLANG_WARN_SUSPICIOUS_MOVE = YES;
				CLANG_WARN_UNGUARDED_AVAILABILITY = YES_AGGRESSIVE;
				CLANG_WARN_UNREACHABLE_CODE = YES;
				CLANG_WARN__DUPLICATE_METHOD_MATCH = YES;
				COPY_PHASE_STRIP = NO;
				DEBUG_INFORMATION_FORMAT = dwarf;
				ENABLE_STRICT_OBJC_MSGSEND = YES;
				ENABLE_TESTABILITY = YES;
				GCC_C_LANGUAGE_STANDARD = gnu11;
				GCC_DYNAMIC_NO_PIC = NO;
				GCC_NO_COMMON_BLOCKS = YES;
				GCC_OPTIMIZATION_LEVEL = 0;
				GCC_PREPROCESSOR_DEFINITIONS = (
					"DEBUG=1",
					"$(inherited)",
				);
				GCC_WARN_64_TO_32_BIT_CONVERSION = YES;
				GCC_WARN_ABOUT_RETURN_TYPE = YES_ERROR;
				GCC_WARN_UNDECLARED_SELECTOR = YES;
				GCC_WARN_UNINITIALIZED_AUTOS = YES_AGGRESSIVE;
				GCC_WARN_UNUSED_FUNCTION = YES;
				GCC_WARN_UNUSED_VARIABLE = YES;
				MACOSX_DEPLOYMENT_TARGET = 10.14;
				MTL_ENABLE_DEBUG_INFO = INCLUDE_SOURCE;
				MTL_FAST_MATH = YES;
				ONLY_ACTIVE_ARCH = YES;
				SDKROOT = macosx;
			};
			name = Debug;
		};
		72C93C8125305EF8008D271D /* Release */ = {
			isa = XCBuildConfiguration;
			buildSettings = {
				ALWAYS_SEARCH_USER_PATHS = NO;
				CLANG_ANALYZER_NONNULL = YES;
				CLANG_ANALYZER_NUMBER_OBJECT_CONVERSION = YES_AGGRESSIVE;
				CLANG_CXX_LANGUAGE_STANDARD = "gnu++14";
				CLANG_CXX_LIBRARY = "libc++";
				CLANG_ENABLE_MODULES = YES;
				CLANG_ENABLE_OBJC_ARC = YES;
				CLANG_ENABLE_OBJC_WEAK = YES;
				CLANG_WARN_BLOCK_CAPTURE_AUTORELEASING = YES;
				CLANG_WARN_BOOL_CONVERSION = YES;
				CLANG_WARN_COMMA = YES;
				CLANG_WARN_CONSTANT_CONVERSION = YES;
				CLANG_WARN_DEPRECATED_OBJC_IMPLEMENTATIONS = YES;
				CLANG_WARN_DIRECT_OBJC_ISA_USAGE = YES_ERROR;
				CLANG_WARN_DOCUMENTATION_COMMENTS = YES;
				CLANG_WARN_EMPTY_BODY = YES;
				CLANG_WARN_ENUM_CONVERSION = YES;
				CLANG_WARN_INFINITE_RECURSION = YES;
				CLANG_WARN_INT_CONVERSION = YES;
				CLANG_WARN_NON_LITERAL_NULL_CONVERSION = YES;
				CLANG_WARN_OBJC_IMPLICIT_RETAIN_SELF = YES;
				CLANG_WARN_OBJC_LITERAL_CONVERSION = YES;
				CLANG_WARN_OBJC_ROOT_CLASS = YES_ERROR;
				CLANG_WARN_RANGE_LOOP_ANALYSIS = YES;
				CLANG_WARN_STRICT_PROTOTYPES = YES;
				CLANG_WARN_SUSPICIOUS_MOVE = YES;
				CLANG_WARN_UNGUARDED_AVAILABILITY = YES_AGGRESSIVE;
				CLANG_WARN_UNREACHABLE_CODE = YES;
				CLANG_WARN__DUPLICATE_METHOD_MATCH = YES;
				COPY_PHASE_STRIP = NO;
				DEBUG_INFORMATION_FORMAT = "dwarf-with-dsym";
				ENABLE_NS_ASSERTIONS = NO;
				ENABLE_STRICT_OBJC_MSGSEND = YES;
				GCC_C_LANGUAGE_STANDARD = gnu11;
				GCC_NO_COMMON_BLOCKS = YES;
				GCC_WARN_64_TO_32_BIT_CONVERSION = YES;
				GCC_WARN_ABOUT_RETURN_TYPE = YES_ERROR;
				GCC_WARN_UNDECLARED_SELECTOR = YES;
				GCC_WARN_UNINITIALIZED_AUTOS = YES_AGGRESSIVE;
				GCC_WARN_UNUSED_FUNCTION = YES;
				GCC_WARN_UNUSED_VARIABLE = YES;
				MACOSX_DEPLOYMENT_TARGET = 10.14;
				MTL_ENABLE_DEBUG_INFO = NO;
				MTL_FAST_MATH = YES;
				SDKROOT = macosx;
			};
			name = Release;
		};
		72C93C8325305EF8008D271D /* Debug */ = {
			isa = XCBuildConfiguration;
			buildSettings = {
				CLANG_CXX_LANGUAGE_STANDARD = "c++17";
				CODE_SIGN_STYLE = Automatic;
				DEAD_CODE_STRIPPING = YES;
				EXECUTABLE_PREFIX = lib;
				GCC_ENABLE_CPP_EXCEPTIONS = YES;
				GCC_ENABLE_CPP_RTTI = YES;
				GCC_PREPROCESSOR_DEFINITIONS = (
					_PLATFORM_MAC,
					"DEBUG=1",
				);
				GCC_TREAT_WARNINGS_AS_ERRORS = YES;
				HEADER_SEARCH_PATHS = "\"$(SRCROOT)/vendor/spdlog/include\"";
				LLVM_LTO = NO;
				PRODUCT_NAME = "$(TARGET_NAME)";
				SKIP_INSTALL = YES;
				VALID_ARCHS = x86_64;
			};
			name = Debug;
		};
		72C93C8425305EF8008D271D /* Release */ = {
			isa = XCBuildConfiguration;
			buildSettings = {
				CLANG_CXX_LANGUAGE_STANDARD = "c++17";
				CODE_SIGN_STYLE = Automatic;
				DEAD_CODE_STRIPPING = YES;
				EXECUTABLE_PREFIX = lib;
				GCC_ENABLE_CPP_EXCEPTIONS = YES;
				GCC_ENABLE_CPP_RTTI = YES;
				GCC_PREPROCESSOR_DEFINITIONS = _PLATFORM_MAC;
				GCC_TREAT_WARNINGS_AS_ERRORS = YES;
				HEADER_SEARCH_PATHS = "\"$(SRCROOT)/vendor/spdlog/include\"";
				LLVM_LTO = YES;
				PRODUCT_NAME = "$(TARGET_NAME)";
				SKIP_INSTALL = YES;
				VALID_ARCHS = x86_64;
			};
			name = Release;
		};
/* End XCBuildConfiguration section */

/* Begin XCConfigurationList section */
		72C93C7225305EF8008D271D /* Build configuration list for PBXProject "Phoenix" */ = {
			isa = XCConfigurationList;
			buildConfigurations = (
				72C93C8025305EF8008D271D /* Debug */,
				72C93C8125305EF8008D271D /* Release */,
			);
			defaultConfigurationIsVisible = 0;
			defaultConfigurationName = Release;
		};
		72C93C8225305EF8008D271D /* Build configuration list for PBXNativeTarget "Phoenix" */ = {
			isa = XCConfigurationList;
			buildConfigurations = (
				72C93C8325305EF8008D271D /* Debug */,
				72C93C8425305EF8008D271D /* Release */,
			);
			defaultConfigurationIsVisible = 0;
			defaultConfigurationName = Release;
		};
/* End XCConfigurationList section */
	};
	rootObject = 72C93C6F25305EF8008D271D /* Project object */;
}
